version = 1
revision = 3
requires-python = ">=3.12"

[[package]]
name = "alyra-ai-dl"
version = "0.1.0"
source = { virtual = "." }

[package.dev-dependencies]
dev = [
    { name = "pip" },
    { name = "ruff" },
    { name = "uv" },
    { name = "validate-pyproject" },
]

[package.metadata]

[package.metadata.requires-dev]
dev = [
    { name = "pip", specifier = ">=25.3" },
    { name = "ruff", specifier = ">=0.14.8" },
    { name = "uv", specifier = ">=0.9.17" },
    { name = "validate-pyproject", specifier = ">=0.24.1" },
]

[[package]]
name = "fastjsonschema"
version = "2.21.2"
source = { registry = "https://pypi.org/simple" }
sdist = { url = "https://files.pythonhosted.org/packages/20/b5/23b216d9d985a956623b6bd12d4086b60f0059b27799f23016af04a74ea1/fastjsonschema-2.21.2.tar.gz", hash = "sha256:b1eb43748041c880796cd077f1a07c3d94e93ae84bba5ed36800a33554ae05de", size = 374130, upload-time = "2025-08-14T18:49:36.666Z" }
wheels = [
    { url = "https://files.pythonhosted.org/packages/cb/a8/20d0723294217e47de6d9e2e40fd4a9d2f7c4b6ef974babd482a59743694/fastjsonschema-2.21.2-py3-none-any.whl", hash = "sha256:1c797122d0a86c5cace2e54bf4e819c36223b552017172f32c5c024a6b77e463", size = 24024, upload-time = "2025-08-14T18:49:34.776Z" },
]

[[package]]
name = "pip"
version = "25.3"
source = { registry = "https://pypi.org/simple" }
sdist = { url = "https://files.pythonhosted.org/packages/fe/6e/74a3f0179a4a73a53d66ce57fdb4de0080a8baa1de0063de206d6167acc2/pip-25.3.tar.gz", hash = "sha256:8d0538dbbd7babbd207f261ed969c65de439f6bc9e5dbd3b3b9a77f25d95f343", size = 1803014, upload-time = "2025-10-25T00:55:41.394Z" }
wheels = [
    { url = "https://files.pythonhosted.org/packages/44/3c/d717024885424591d5376220b5e836c2d5293ce2011523c9de23ff7bf068/pip-25.3-py3-none-any.whl", hash = "sha256:9655943313a94722b7774661c21049070f6bbb0a1516bf02f7c8d5d9201514cd", size = 1778622, upload-time = "2025-10-25T00:55:39.247Z" },
]

[[package]]
name = "ruff"
version = "0.14.8"
source = { registry = "https://pypi.org/simple" }
sdist = { url = "https://files.pythonhosted.org/packages/ed/d9/f7a0c4b3a2bf2556cd5d99b05372c29980249ef71e8e32669ba77428c82c/ruff-0.14.8.tar.gz", hash = "sha256:774ed0dd87d6ce925e3b8496feb3a00ac564bea52b9feb551ecd17e0a23d1eed", size = 5765385, upload-time = "2025-12-04T15:06:17.669Z" }
wheels = [
    { url = "https://files.pythonhosted.org/packages/48/b8/9537b52010134b1d2b72870cc3f92d5fb759394094741b09ceccae183fbe/ruff-0.14.8-py3-none-linux_armv6l.whl", hash = "sha256:ec071e9c82eca417f6111fd39f7043acb53cd3fde9b1f95bbed745962e345afb", size = 13441540, upload-time = "2025-12-04T15:06:14.896Z" },
    { url = "https://files.pythonhosted.org/packages/24/00/99031684efb025829713682012b6dd37279b1f695ed1b01725f85fd94b38/ruff-0.14.8-py3-none-macosx_10_12_x86_64.whl", hash = "sha256:8cdb162a7159f4ca36ce980a18c43d8f036966e7f73f866ac8f493b75e0c27e9", size = 13669384, upload-time = "2025-12-04T15:06:51.809Z" },
    { url = "https://files.pythonhosted.org/packages/72/64/3eb5949169fc19c50c04f28ece2c189d3b6edd57e5b533649dae6ca484fe/ruff-0.14.8-py3-none-macosx_11_0_arm64.whl", hash = "sha256:2e2fcbefe91f9fad0916850edf0854530c15bd1926b6b779de47e9ab619ea38f", size = 12806917, upload-time = "2025-12-04T15:06:08.925Z" },
    { url = "https://files.pythonhosted.org/packages/c4/08/5250babb0b1b11910f470370ec0cbc67470231f7cdc033cee57d4976f941/ruff-0.14.8-py3-none-manylinux_2_17_aarch64.manylinux2014_aarch64.whl", hash = "sha256:a9d70721066a296f45786ec31916dc287b44040f553da21564de0ab4d45a869b", size = 13256112, upload-time = "2025-12-04T15:06:23.498Z" },
    { url = "https://files.pythonhosted.org/packages/78/4c/6c588e97a8e8c2d4b522c31a579e1df2b4d003eddfbe23d1f262b1a431ff/ruff-0.14.8-py3-none-manylinux_2_17_armv7l.manylinux2014_armv7l.whl", hash = "sha256:2c87e09b3cd9d126fc67a9ecd3b5b1d3ded2b9c7fce3f16e315346b9d05cfb52", size = 13227559, upload-time = "2025-12-04T15:06:33.432Z" },
    { url = "https://files.pythonhosted.org/packages/23/ce/5f78cea13eda8eceac71b5f6fa6e9223df9b87bb2c1891c166d1f0dce9f1/ruff-0.14.8-py3-none-manylinux_2_17_i686.manylinux2014_i686.whl", hash = "sha256:1d62cb310c4fbcb9ee4ac023fe17f984ae1e12b8a4a02e3d21489f9a2a5f730c", size = 13896379, upload-time = "2025-12-04T15:06:02.687Z" },
    { url = "https://files.pythonhosted.org/packages/cf/79/13de4517c4dadce9218a20035b21212a4c180e009507731f0d3b3f5df85a/ruff-0.14.8-py3-none-manylinux_2_17_ppc64.manylinux2014_ppc64.whl", hash = "sha256:1af35c2d62633d4da0521178e8a2641c636d2a7153da0bac1b30cfd4ccd91344", size = 15372786, upload-time = "2025-12-04T15:06:29.828Z" },
    { url = "https://files.pythonhosted.org/packages/00/06/33df72b3bb42be8a1c3815fd4fae83fa2945fc725a25d87ba3e42d1cc108/ruff-0.14.8-py3-none-manylinux_2_17_ppc64le.manylinux2014_ppc64le.whl", hash = "sha256:25add4575ffecc53d60eed3f24b1e934493631b48ebbc6ebaf9d8517924aca4b", size = 14990029, upload-time = "2025-12-04T15:06:36.812Z" },
    { url = "https://files.pythonhosted.org/packages/64/61/0f34927bd90925880394de0e081ce1afab66d7b3525336f5771dcf0cb46c/ruff-0.14.8-py3-none-manylinux_2_17_s390x.manylinux2014_s390x.whl", hash = "sha256:4c943d847b7f02f7db4201a0600ea7d244d8a404fbb639b439e987edcf2baf9a", size = 14407037, upload-time = "2025-12-04T15:06:39.979Z" },
    { url = "https://files.pythonhosted.org/packages/96/bc/058fe0aefc0fbf0d19614cb6d1a3e2c048f7dc77ca64957f33b12cfdc5ef/ruff-0.14.8-py3-none-manylinux_2_17_x86_64.manylinux2014_x86_64.whl", hash = "sha256:cb6e8bf7b4f627548daa1b69283dac5a296bfe9ce856703b03130732e20ddfe2", size = 14102390, upload-time = "2025-12-04T15:06:46.372Z" },
    { url = "https://files.pythonhosted.org/packages/af/a4/e4f77b02b804546f4c17e8b37a524c27012dd6ff05855d2243b49a7d3cb9/ruff-0.14.8-py3-none-manylinux_2_31_riscv64.whl", hash = "sha256:7aaf2974f378e6b01d1e257c6948207aec6a9b5ba53fab23d0182efb887a0e4a", size = 14230793, upload-time = "2025-12-04T15:06:20.497Z" },
    { url = "https://files.pythonhosted.org/packages/3f/52/bb8c02373f79552e8d087cedaffad76b8892033d2876c2498a2582f09dcf/ruff-0.14.8-py3-none-musllinux_1_2_aarch64.whl", hash = "sha256:e5758ca513c43ad8a4ef13f0f081f80f08008f410790f3611a21a92421ab045b", size = 13160039, upload-time = "2025-12-04T15:06:49.06Z" },
    { url = "https://files.pythonhosted.org/packages/1f/ad/b69d6962e477842e25c0b11622548df746290cc6d76f9e0f4ed7456c2c31/ruff-0.14.8-py3-none-musllinux_1_2_armv7l.whl", hash = "sha256:f74f7ba163b6e85a8d81a590363bf71618847e5078d90827749bfda1d88c9cdf", size = 13205158, upload-time = "2025-12-04T15:06:54.574Z" },
    { url = "https://files.pythonhosted.org/packages/06/63/54f23da1315c0b3dfc1bc03fbc34e10378918a20c0b0f086418734e57e74/ruff-0.14.8-py3-none-musllinux_1_2_i686.whl", hash = "sha256:eed28f6fafcc9591994c42254f5a5c5ca40e69a30721d2ab18bb0bb3baac3ab6", size = 13469550, upload-time = "2025-12-04T15:05:59.209Z" },
    { url = "https://files.pythonhosted.org/packages/70/7d/a4d7b1961e4903bc37fffb7ddcfaa7beb250f67d97cfd1ee1d5cddb1ec90/ruff-0.14.8-py3-none-musllinux_1_2_x86_64.whl", hash = "sha256:21d48fa744c9d1cb8d71eb0a740c4dd02751a5de9db9a730a8ef75ca34cf138e", size = 14211332, upload-time = "2025-12-04T15:06:06.027Z" },
    { url = "https://files.pythonhosted.org/packages/5d/93/2a5063341fa17054e5c86582136e9895db773e3c2ffb770dde50a09f35f0/ruff-0.14.8-py3-none-win32.whl", hash = "sha256:15f04cb45c051159baebb0f0037f404f1dc2f15a927418f29730f411a79bc4e7", size = 13151890, upload-time = "2025-12-04T15:06:11.668Z" },
    { url = "https://files.pythonhosted.org/packages/02/1c/65c61a0859c0add13a3e1cbb6024b42de587456a43006ca2d4fd3d1618fe/ruff-0.14.8-py3-none-win_amd64.whl", hash = "sha256:9eeb0b24242b5bbff3011409a739929f497f3fb5fe3b5698aba5e77e8c833097", size = 14537826, upload-time = "2025-12-04T15:06:26.409Z" },
    { url = "https://files.pythonhosted.org/packages/6d/63/8b41cea3afd7f58eb64ac9251668ee0073789a3bc9ac6f816c8c6fef986d/ruff-0.14.8-py3-none-win_arm64.whl", hash = "sha256:965a582c93c63fe715fd3e3f8aa37c4b776777203d8e1d8aa3cc0c14424a4b99", size = 13634522, upload-time = "2025-12-04T15:06:43.212Z" },
]

[[package]]
name = "uv"
version = "0.9.17"
source = { registry = "https://pypi.org/simple" }
sdist = { url = "https://files.pythonhosted.org/packages/52/1a/cb0c37ae8513b253bcbc13d42392feb7d95ea696eb398b37535a28df9040/uv-0.9.17.tar.gz", hash = "sha256:6d93ab9012673e82039cfa7f9f66f69b388bc3f910f9e8a2ebee211353f620aa", size = 3815957, upload-time = "2025-12-09T23:01:21.756Z" }
wheels = [
    { url = "https://files.pythonhosted.org/packages/2b/e2/b6e2d473bdc37f4d86307151b53c0776e9925de7376ce297e92eab2e8894/uv-0.9.17-py3-none-linux_armv6l.whl", hash = "sha256:c708e6560ae5bc3cda1ba93f0094148ce773b6764240ced433acf88879e57a67", size = 21254511, upload-time = "2025-12-09T23:00:36.604Z" },
    { url = "https://files.pythonhosted.org/packages/d5/40/75f1529a8bf33cc5c885048e64a014c3096db5ac7826c71e20f2b731b588/uv-0.9.17-py3-none-macosx_10_12_x86_64.whl", hash = "sha256:233b3d90f104c59d602abf434898057876b87f64df67a37129877d6dab6e5e10", size = 20384366, upload-time = "2025-12-09T23:01:17.293Z" },
    { url = "https://files.pythonhosted.org/packages/de/30/b3a343893681a569cbb74f8747a1c24e5f18ca9e07de0430aceaf9389ef4/uv-0.9.17-py3-none-macosx_11_0_arm64.whl", hash = "sha256:4b8e5513d48a267bfa180ca7fefaf6f27b1267e191573b3dba059981143e88ef", size = 18924624, upload-time = "2025-12-09T23:01:10.291Z" },
    { url = "https://files.pythonhosted.org/packages/21/56/9daf8bbe4a9a36eb0b9257cf5e1e20f9433d0ce996778ccf1929cbe071a4/uv-0.9.17-py3-none-manylinux_2_17_aarch64.manylinux2014_aarch64.musllinux_1_1_aarch64.whl", hash = "sha256:8f283488bbcf19754910cc1ae7349c567918d6367c596e5a75d4751e0080eee0", size = 20671687, upload-time = "2025-12-09T23:00:51.927Z" },
    { url = "https://files.pythonhosted.org/packages/9f/c8/4050ff7dc692770092042fcef57223b8852662544f5981a7f6cac8fc488d/uv-0.9.17-py3-none-manylinux_2_17_armv7l.manylinux2014_armv7l.whl", hash = "sha256:9cf8052ba669dc17bdba75dae655094d820f4044990ea95c01ec9688c182f1da", size = 20861866, upload-time = "2025-12-09T23:01:12.555Z" },
    { url = "https://files.pythonhosted.org/packages/84/d4/208e62b7db7a65cb3390a11604c59937e387d07ed9f8b63b54edb55e2292/uv-0.9.17-py3-none-manylinux_2_17_i686.manylinux2014_i686.whl", hash = "sha256:06749461b11175a884be193120044e7f632a55e2624d9203398808907d346aad", size = 21858420, upload-time = "2025-12-09T23:01:00.009Z" },
    { url = "https://files.pythonhosted.org/packages/86/2c/91288cd5a04db37dfc1e0dad26ead84787db5832d9836b4cc8e0fa7f3c53/uv-0.9.17-py3-none-manylinux_2_17_ppc64.manylinux2014_ppc64.whl", hash = "sha256:35eb1a519688209160e48e1bb8032d36d285948a13b4dd21afe7ec36dc2a9787", size = 23471658, upload-time = "2025-12-09T23:00:49.503Z" },
    { url = "https://files.pythonhosted.org/packages/44/ba/493eba650ffad1df9e04fd8eabfc2d0aebc23e8f378acaaee9d95ca43518/uv-0.9.17-py3-none-manylinux_2_17_ppc64le.manylinux2014_ppc64le.whl", hash = "sha256:2bfb60a533e82690ab17dfe619ff7f294d053415645800d38d13062170230714", size = 23062950, upload-time = "2025-12-09T23:00:39.055Z" },
    { url = "https://files.pythonhosted.org/packages/9a/9e/f7f679503c06843ba59451e3193f35fb7c782ff0afc697020d4718a7de46/uv-0.9.17-py3-none-manylinux_2_17_s390x.manylinux2014_s390x.whl", hash = "sha256:cd0f3e380ff148aff3d769e95a9743cb29c7f040d7ef2896cafe8063279a6bc1", size = 22080299, upload-time = "2025-12-09T23:00:44.026Z" },
    { url = "https://files.pythonhosted.org/packages/32/2e/76ba33c7d9efe9f17480db1b94d3393025062005e346bb8b3660554526da/uv-0.9.17-py3-none-manylinux_2_17_x86_64.manylinux2014_x86_64.whl", hash = "sha256:cd2c3d25fbd8f91b30d0fac69a13b8e2c2cd8e606d7e6e924c1423e4ff84e616", size = 22087554, upload-time = "2025-12-09T23:00:41.715Z" },
    { url = "https://files.pythonhosted.org/packages/14/db/ef4aae4a6c49076db2acd2a7b0278ddf3dbf785d5172b3165018b96ba2fb/uv-0.9.17-py3-none-manylinux_2_28_aarch64.whl", hash = "sha256:330e7085857e4205c5196a417aca81cfbfa936a97dd2a0871f6560a88424ebf2", size = 20823225, upload-time = "2025-12-09T23:00:57.041Z" },
    { url = "https://files.pythonhosted.org/packages/11/73/e0f816cacd802a1cb25e71de9d60e57fa1f6c659eb5599cef708668618cc/uv-0.9.17-py3-none-manylinux_2_31_riscv64.whl", hash = "sha256:45880faa9f6cf91e3cda4e5f947da6a1004238fdc0ed4ebc18783a12ce197312", size = 22004893, upload-time = "2025-12-09T23:01:15.011Z" },
    { url = "https://files.pythonhosted.org/packages/15/6b/700f6256ee191136eb06e40d16970a4fc687efdccf5e67c553a258063019/uv-0.9.17-py3-none-musllinux_1_1_armv7l.whl", hash = "sha256:8e775a1b94c6f248e22f0ce2f86ed37c24e10ae31fb98b7e1b9f9a3189d25991", size = 20853850, upload-time = "2025-12-09T23:01:02.694Z" },
    { url = "https://files.pythonhosted.org/packages/bc/6a/13f02e2ed6510223c40f74804586b09e5151d9319f93aab1e49d91db13bb/uv-0.9.17-py3-none-musllinux_1_1_i686.whl", hash = "sha256:8650c894401ec96488a6fd84a5b4675e09be102f5525c902a12ba1c8ef8ff230", size = 21322623, upload-time = "2025-12-09T23:00:46.806Z" },
    { url = "https://files.pythonhosted.org/packages/d0/18/2d19780cebfbec877ea645463410c17859f8070f79c1a34568b153d78e1d/uv-0.9.17-py3-none-musllinux_1_1_x86_64.whl", hash = "sha256:673066b72d8b6c86be0dae6d5f73926bcee8e4810f1690d7b8ce5429d919cde3", size = 22290123, upload-time = "2025-12-09T23:00:54.394Z" },
    { url = "https://files.pythonhosted.org/packages/77/69/ab79bde3f7b6d2ac89f839ea40411a9cf3e67abede2278806305b6ba797e/uv-0.9.17-py3-none-win32.whl", hash = "sha256:7407d45afeae12399de048f7c8c2256546899c94bd7892dbddfae6766616f5a3", size = 20070709, upload-time = "2025-12-09T23:01:05.105Z" },
    { url = "https://files.pythonhosted.org/packages/08/a0/ab5b1850197bf407d095361b214352e40805441791fed35b891621cb1562/uv-0.9.17-py3-none-win_amd64.whl", hash = "sha256:22fcc26755abebdf366becc529b2872a831ce8bb14b36b6a80d443a1d7f84d3b", size = 22122852, upload-time = "2025-12-09T23:01:07.783Z" },
    { url = "https://files.pythonhosted.org/packages/37/ef/813cfedda3c8e49d8b59a41c14fcc652174facfd7a1caf9fee162b40ccbd/uv-0.9.17-py3-none-win_arm64.whl", hash = "sha256:6761076b27a763d0ede2f5e72455d2a46968ff334badf8312bb35988c5254831", size = 20435751, upload-time = "2025-12-09T23:01:19.732Z" },
]

[[package]]
name = "validate-pyproject"
version = "0.24.1"
source = { registry = "https://pypi.org/simple" }
dependencies = [
    { name = "fastjsonschema" },
]
sdist = { url = "https://files.pythonhosted.org/packages/d2/e5/dd60cbfc9b0701d8621c73e56c261142c1a01d1f74d0da30133bd272ecc6/validate_pyproject-0.24.1.tar.gz", hash = "sha256:e182fc51354add988e5bee6fc06ceb327832a78d921730fc618275e5b29e6b71", size = 117054, upload-time = "2025-03-21T21:05:32.623Z" }
wheels = [
    { url = "https://files.pythonhosted.org/packages/a4/39/6983dd79f01aaa4c75d9ffa550fa393f0c4c28f7ccd6956e4188c62cefbc/validate_pyproject-0.24.1-py3-none-any.whl", hash = "sha256:b7b05fa9117204c9c4606ab317acd095b18d1bfc78fb7dc8cc06f77d0582ca2d", size = 53732, upload-time = "2025-03-21T21:05:31.139Z" },
]
